
Microsoft Visual Studio Solution File, Format Version 12.00
# Visual Studio 15
Project("{FAE04EC0-301F-11D3-BF4B-00C04F79EFBC}") = "SuperTiled2Unity", "SuperTiled2Unity.csproj", "{9CCF7D36-D2DC-1AEC-220A-E972D4DB0BC7}"
EndProject
Project("{FAE04EC0-301F-11D3-BF4B-00C04F79EFBC}") = "SuperTiled2UnityEditor", "SuperTiled2UnityEditor.csproj", "{54E9A183-D6D4-E46A-3F84-B825E351F8E2}"
EndProject
Global
	GlobalSection(SolutionConfigurationPlatforms) = preSolution
		Debug|Any CPU = Debug|Any CPU
		Release|Any CPU = Release|Any CPU
	EndGlobalSection
	GlobalSection(ProjectConfigurationPlatforms) = postSolution
		{9CCF7D36-D2DC-1AEC-220A-E972D4DB0BC7}.Debug|Any CPU.ActiveCfg = Debug|Any CPU
		{9CCF7D36-D2DC-1AEC-220A-E972D4DB0BC7}.Debug|Any CPU.Build.0 = Debug|Any CPU
		{9CCF7D36-D2DC-1AEC-220A-E972D4DB0BC7}.Release|Any CPU.ActiveCfg = Release|Any CPU
		{9CCF7D36-D2DC-1AEC-220A-E972D4DB0BC7}.Release|Any CPU.Build.0 = Release|Any CPU
		{54E9A183-D6D4-E46A-3F84-B825E351F8E2}.Debug|Any CPU.ActiveCfg = Debug|Any CPU
		{54E9A183-D6D4-E46A-3F84-B825E351F8E2}.Debug|Any CPU.Build.0 = Debug|Any CPU
		{54E9A183-D6D4-E46A-3F84-B825E351F8E2}.Release|Any CPU.ActiveCfg = Release|Any CPU
		{54E9A183-D6D4-E46A-3F84-B825E351F8E2}.Release|Any CPU.Build.0 = Release|Any CPU
	EndGlobalSection
	GlobalSection(SolutionProperties) = preSolution
		HideSolutionNode = FALSE
	EndGlobalSection
EndGlobal
